lock_date: "2026-07-26"

mmmc_code:
  name: "Robust Multimodal Large Language Models Against Modality Conflict"
  repository: "https://github.com/zmzhang2000/MMMC"
  commit: "c154297c79d2cce96fbc6388cdebabf7e16dcc38"
  retrieval: "GitHub source archive"
  archive_sha256: "43d4c0cced44e146b210cbd79d91a3bf3d161bf397e39a26a23415a1d56c609a"
  local_path: "external/MMMC"
  note: "Official repository has one commit at lock time. The original Git checkout was interrupted by TLS errors; the source archive for the exact commit was used."

mmmc_dataset:
  repository: "ustc-zhangzm/MMMC"
  url: "https://huggingface.co/datasets/ustc-zhangzm/MMMC"
  revision: "0bdbffbb35bf1a2569468fd939a5f70290442e55"
  license: "CC BY-SA 3.0"
  local_path: "data/raw/mmmc"
  note: "The official repository warns that the dataset was generated by large language models and may contain noise."

qwen_dev_model:
  repository: "Qwen/Qwen2.5-VL-3B-Instruct"
  url: "https://huggingface.co/Qwen/Qwen2.5-VL-3B-Instruct"
  revision: "66285546d2b821cf421d4f5eb2576359d3770cd3"
  license: "Qwen Research License Agreement"
  local_path: "models/Qwen2.5-VL-3B-Instruct"
  intended_use: "Non-commercial academic research"

haloquest_code_and_metadata:
  name: "HaloQuest: A Visual Hallucination Dataset for Advancing Multimodal Reasoning"
  repository: "https://github.com/google/haloquest"
  commit: "2f643ebb77aeae40f4c5323db38f99f0dc257cf5"
  metadata_file: "haloquest-eval.csv"
  local_path: "data/raw/haloquest"
  software_license: "Apache-2.0"
  materials_license: "CC BY 4.0"
  note: "The official repository is archived but contains train/eval metadata and Auto-Eval loading examples. Individual source-image licenses must still be checked."

haloquest_huggingface_mirror:
  repository: "MM-Hallu/HaloQuest"
  url: "https://huggingface.co/datasets/MM-Hallu/HaloQuest"
  revision: "8667e0f9f33c72429c2ec5bf1945f77befdb20bb"
  intended_use: "Fallback for image availability; official GitHub metadata remains authoritative."

papers:
  mmmc:
    title: "Robust Multimodal Large Language Models Against Modality Conflict"
    venue: "ICML 2025"
    proceedings: "https://proceedings.mlr.press/v267/zhang25dq.html"
    openreview: "https://openreview.net/forum?id=SP43jVv7fJ"
  haloquest:
    title: "HaloQuest: A Visual Hallucination Dataset for Advancing Multimodal Reasoning"
    venue: "ECCV 2024"
    arxiv: "https://arxiv.org/abs/2407.15680"

